
Microsoft Visual Studio Solution File, Format Version 12.00
# Visual Studio 15
Project("{FAE04EC0-301F-11D3-BF4B-00C04F79EFBC}") = "Assembly-CSharp", "Assembly-CSharp.csproj", "{EA0D4809-2CE2-3D7C-E2D8-640F1864B2AE}"
EndProject
Project("{FAE04EC0-301F-11D3-BF4B-00C04F79EFBC}") = "Assembly-CSharp-Editor", "Assembly-CSharp-Editor.csproj", "{2E71FD75-4A4B-7A7E-83C5-764260DFDBB2}"
EndProject
Global
	GlobalSection(SolutionConfigurationPlatforms) = preSolution
		Debug|Any CPU = Debug|Any CPU
		Release|Any CPU = Release|Any CPU
	EndGlobalSection
	GlobalSection(ProjectConfigurationPlatforms) = postSolution
		{EA0D4809-2CE2-3D7C-E2D8-640F1864B2AE}.Debug|Any CPU.ActiveCfg = Debug|Any CPU
		{EA0D4809-2CE2-3D7C-E2D8-640F1864B2AE}.Debug|Any CPU.Build.0 = Debug|Any CPU
		{EA0D4809-2CE2-3D7C-E2D8-640F1864B2AE}.Release|Any CPU.ActiveCfg = Release|Any CPU
		{EA0D4809-2CE2-3D7C-E2D8-640F1864B2AE}.Release|Any CPU.Build.0 = Release|Any CPU
		{2E71FD75-4A4B-7A7E-83C5-764260DFDBB2}.Debug|Any CPU.ActiveCfg = Debug|Any CPU
		{2E71FD75-4A4B-7A7E-83C5-764260DFDBB2}.Debug|Any CPU.Build.0 = Debug|Any CPU
		{2E71FD75-4A4B-7A7E-83C5-764260DFDBB2}.Release|Any CPU.ActiveCfg = Release|Any CPU
		{2E71FD75-4A4B-7A7E-83C5-764260DFDBB2}.Release|Any CPU.Build.0 = Release|Any CPU
	EndGlobalSection
	GlobalSection(SolutionProperties) = preSolution
		HideSolutionNode = FALSE
	EndGlobalSection
EndGlobal
